
Microsoft Visual Studio Solution File, Format Version 12.00
# Visual Studio Version 17
VisualStudioVersion = 17.2.32516.85
MinimumVisualStudioVersion = 10.0.40219.1
Project("{FAE04EC0-301F-11D3-BF4B-00C04F79EFBC}") = "BlogApplication", "BlogApplication\BlogApplication.csproj", "{3C21F9E7-A097-447F-98AB-443C07362FE8}"
EndProject
Project("{FAE04EC0-301F-11D3-BF4B-00C04F79EFBC}") = "EntityLayer", "EntityLayer\EntityLayer.csproj", "{3827BFBE-DD5A-4FA7-B338-171669230362}"
EndProject
Project("{FAE04EC0-301F-11D3-BF4B-00C04F79EFBC}") = "DataAccesLayer", "DataAccesLayer\DataAccesLayer.csproj", "{43C754D0-194B-49A3-BEB6-135DB5BDDDE7}"
EndProject
Project("{FAE04EC0-301F-11D3-BF4B-00C04F79EFBC}") = "BusinessLayer", "BusinessLayer\BusinessLayer.csproj", "{B7283D1A-F5F7-4205-A39D-0E1494B88F86}"
EndProject
Project("{FAE04EC0-301F-11D3-BF4B-00C04F79EFBC}") = "CoreLayer", "CoreLayer\CoreLayer.csproj", "{4E8F9D98-49AE-4BB7-8E56-982E7C48EE59}"
EndProject
Global
	GlobalSection(SolutionConfigurationPlatforms) = preSolution
		Debug|Any CPU = Debug|Any CPU
		Release|Any CPU = Release|Any CPU
	EndGlobalSection
	GlobalSection(ProjectConfigurationPlatforms) = postSolution
		{3C21F9E7-A097-447F-98AB-443C07362FE8}.Debug|Any CPU.ActiveCfg = Debug|Any CPU
		{3C21F9E7-A097-447F-98AB-443C07362FE8}.Debug|Any CPU.Build.0 = Debug|Any CPU
		{3C21F9E7-A097-447F-98AB-443C07362FE8}.Release|Any CPU.ActiveCfg = Release|Any CPU
		{3C21F9E7-A097-447F-98AB-443C07362FE8}.Release|Any CPU.Build.0 = Release|Any CPU
		{3827BFBE-DD5A-4FA7-B338-171669230362}.Debug|Any CPU.ActiveCfg = Debug|Any CPU
		{3827BFBE-DD5A-4FA7-B338-171669230362}.Debug|Any CPU.Build.0 = Debug|Any CPU
		{3827BFBE-DD5A-4FA7-B338-171669230362}.Release|Any CPU.ActiveCfg = Release|Any CPU
		{3827BFBE-DD5A-4FA7-B338-171669230362}.Release|Any CPU.Build.0 = Release|Any CPU
		{43C754D0-194B-49A3-BEB6-135DB5BDDDE7}.Debug|Any CPU.ActiveCfg = Debug|Any CPU
		{43C754D0-194B-49A3-BEB6-135DB5BDDDE7}.Debug|Any CPU.Build.0 = Debug|Any CPU
		{43C754D0-194B-49A3-BEB6-135DB5BDDDE7}.Release|Any CPU.ActiveCfg = Release|Any CPU
		{43C754D0-194B-49A3-BEB6-135DB5BDDDE7}.Release|Any CPU.Build.0 = Release|Any CPU
		{B7283D1A-F5F7-4205-A39D-0E1494B88F86}.Debug|Any CPU.ActiveCfg = Debug|Any CPU
		{B7283D1A-F5F7-4205-A39D-0E1494B88F86}.Debug|Any CPU.Build.0 = Debug|Any CPU
		{B7283D1A-F5F7-4205-A39D-0E1494B88F86}.Release|Any CPU.ActiveCfg = Release|Any CPU
		{B7283D1A-F5F7-4205-A39D-0E1494B88F86}.Release|Any CPU.Build.0 = Release|Any CPU
		{4E8F9D98-49AE-4BB7-8E56-982E7C48EE59}.Debug|Any CPU.ActiveCfg = Debug|Any CPU
		{4E8F9D98-49AE-4BB7-8E56-982E7C48EE59}.Debug|Any CPU.Build.0 = Debug|Any CPU
		{4E8F9D98-49AE-4BB7-8E56-982E7C48EE59}.Release|Any CPU.ActiveCfg = Release|Any CPU
		{4E8F9D98-49AE-4BB7-8E56-982E7C48EE59}.Release|Any CPU.Build.0 = Release|Any CPU
	EndGlobalSection
	GlobalSection(SolutionProperties) = preSolution
		HideSolutionNode = FALSE
	EndGlobalSection
	GlobalSection(ExtensibilityGlobals) = postSolution
		SolutionGuid = {D40BC5BC-E0C2-47D2-9A5D-6C7D12D575B0}
	EndGlobalSection
EndGlobal
